// !$*UTF8*$!
{
	archiveVersion = 1;
	classes = {
	};
	objectVersion = 50;
	objects = {

/* Begin PBXBuildFile section */
		36255CAE2432259000F27204 /* AppDelegate.swift in Sources */ = {isa = PBXBuildFile; fileRef = 36255CAD2432259000F27204 /* AppDelegate.swift */; };
		36255CB02432259000F27204 /* SceneDelegate.swift in Sources */ = {isa = PBXBuildFile; fileRef = 36255CAF2432259000F27204 /* SceneDelegate.swift */; };
		36255CB22432259000F27204 /* ViewController.swift in Sources */ = {isa = PBXBuildFile; fileRef = 36255CB12432259000F27204 /* ViewController.swift */; };
		36255CB52432259000F27204 /* Main.storyboard in Resources */ = {isa = PBXBuildFile; fileRef = 36255CB32432259000F27204 /* Main.storyboard */; };
		36255CB82432259000F27204 /* Project5.xcdatamodeld in Sources */ = {isa = PBXBuildFile; fileRef = 36255CB62432259000F27204 /* Project5.xcdatamodeld */; };
		36255CBA2432259200F27204 /* Assets.xcassets in Resources */ = {isa = PBXBuildFile; fileRef = 36255CB92432259200F27204 /* Assets.xcassets */; };
		36255CBD2432259200F27204 /* LaunchScreen.storyboard in Resources */ = {isa = PBXBuildFile; fileRef = 36255CBB2432259200F27204 /* LaunchScreen.storyboard */; };
		36255CC82432259200F27204 /* Project5Tests.swift in Sources */ = {isa = PBXBuildFile; fileRef = 36255CC72432259200F27204 /* Project5Tests.swift */; };
		36255CD32432259200F27204 /* Project5UITests.swift in Sources */ = {isa = PBXBuildFile; fileRef = 36255CD22432259200F27204 /* Project5UITests.swift */; };
/* End PBXBuildFile section */

/* Begin PBXContainerItemProxy section */
		36255CC42432259200F27204 /* PBXContainerItemProxy */ = {
			isa = PBXContainerItemProxy;
			containerPortal = 36255CA22432259000F27204 /* Project object */;
			proxyType = 1;
			remoteGlobalIDString = 36255CA92432259000F27204;
			remoteInfo = Project5;
		};
		36255CCF2432259200F27204 /* PBXContainerItemProxy */ = {
			isa = PBXContainerItemProxy;
			containerPortal = 36255CA22432259000F27204 /* Project object */;
			proxyType = 1;
			remoteGlobalIDString = 36255CA92432259000F27204;
			remoteInfo = Project5;
		};
/* End PBXContainerItemProxy section */

/* Begin PBXFileReference section */
		36255CAA2432259000F27204 /* Project5.app */ = {isa = PBXFileReference; explicitFileType = wrapper.application; includeInIndex = 0; path = Project5.app; sourceTree = BUILT_PRODUCTS_DIR; };
		36255CAD2432259000F27204 /* AppDelegate.swift */ = {isa = PBXFileReference; lastKnownFileType = sourcecode.swift; path = AppDelegate.swift; sourceTree = "<group>"; };
		36255CAF2432259000F27204 /* SceneDelegate.swift */ = {isa = PBXFileReference; lastKnownFileType = sourcecode.swift; path = SceneDelegate.swift; sourceTree = "<group>"; };
		36255CB12432259000F27204 /* ViewController.swift */ = {isa = PBXFileReference; lastKnownFileType = sourcecode.swift; path = ViewController.swift; sourceTree = "<group>"; };
		36255CB42432259000F27204 /* Base */ = {isa = PBXFileReference; lastKnownFileType = file.storyboard; name = Base; path = Base.lproj/Main.storyboard; sourceTree = "<group>"; };
		36255CB72432259000F27204 /* Project5.xcdatamodel */ = {isa = PBXFileReference; lastKnownFileType = wrapper.xcdatamodel; path = Project5.xcdatamodel; sourceTree = "<group>"; };
		36255CB92432259200F27204 /* Assets.xcassets */ = {isa = PBXFileReference; lastKnownFileType = folder.assetcatalog; path = Assets.xcassets; sourceTree = "<group>"; };
		36255CBC2432259200F27204 /* Base */ = {isa = PBXFileReference; lastKnownFileType = file.storyboard; name = Base; path = Base.lproj/LaunchScreen.storyboard; sourceTree = "<group>"; };
		36255CBE2432259200F27204 /* Info.plist */ = {isa = PBXFileReference; lastKnownFileType = text.plist.xml; path = Info.plist; sourceTree = "<group>"; };
		36255CC32432259200F27204 /* Project5Tests.xctest */ = {isa = PBXFileReference; explicitFileType = wrapper.cfbundle; includeInIndex = 0; path = Project5Tests.xctest; sourceTree = BUILT_PRODUCTS_DIR; };
		36255CC72432259200F27204 /* Project5Tests.swift */ = {isa = PBXFileReference; lastKnownFileType = sourcecode.swift; path = Project5Tests.swift; sourceTree = "<group>"; };
		36255CC92432259200F27204 /* Info.plist */ = {isa = PBXFileReference; lastKnownFileType = text.plist.xml; path = Info.plist; sourceTree = "<group>"; };
		36255CCE2432259200F27204 /* Project5UITests.xctest */ = {isa = PBXFileReference; explicitFileType = wrapper.cfbundle; includeInIndex = 0; path = Project5UITests.xctest; sourceTree = BUILT_PRODUCTS_DIR; };
		36255CD22432259200F27204 /* Project5UITests.swift */ = {isa = PBXFileReference; lastKnownFileType = sourcecode.swift; path = Project5UITests.swift; sourceTree = "<group>"; };
		36255CD42432259200F27204 /* Info.plist */ = {isa = PBXFileReference; lastKnownFileType = text.plist.xml; path = Info.plist; sourceTree = "<group>"; };
/* End PBXFileReference section */

/* Begin PBXFrameworksBuildPhase section */
		36255CA72432259000F27204 /* Frameworks */ = {
			isa = PBXFrameworksBuildPhase;
			buildActionMask = 2147483647;
			files = (
			);
			runOnlyForDeploymentPostprocessing = 0;
		};
		36255CC02432259200F27204 /* Frameworks */ = {
			isa = PBXFrameworksBuildPhase;
			buildActionMask = 2147483647;
			files = (
			);
			runOnlyForDeploymentPostprocessing = 0;
		};
		36255CCB2432259200F27204 /* Frameworks */ = {
			isa = PBXFrameworksBuildPhase;
			buildActionMask = 2147483647;
			files = (
			);
			runOnlyForDeploymentPostprocessing = 0;
		};
/* End PBXFrameworksBuildPhase section */

/* Begin PBXGroup section */
		36255CA12432259000F27204 = {
			isa = PBXGroup;
			children = (
				36255CAC2432259000F27204 /* Project5 */,
				36255CC62432259200F27204 /* Project5Tests */,
				36255CD12432259200F27204 /* Project5UITests */,
				36255CAB2432259000F27204 /* Products */,
			);
			sourceTree = "<group>";
		};
		36255CAB2432259000F27204 /* Products */ = {
			isa = PBXGroup;
			children = (
				36255CAA2432259000F27204 /* Project5.app */,
				36255CC32432259200F27204 /* Project5Tests.xctest */,
				36255CCE2432259200F27204 /* Project5UITests.xctest */,
			);
			name = Products;
			sourceTree = "<group>";
		};
		36255CAC2432259000F27204 /* Project5 */ = {
			isa = PBXGroup;
			children = (
				36255CAD2432259000F27204 /* AppDelegate.swift */,
				36255CAF2432259000F27204 /* SceneDelegate.swift */,
				36255CB12432259000F27204 /* ViewController.swift */,
				36255CB32432259000F27204 /* Main.storyboard */,
				36255CB92432259200F27204 /* Assets.xcassets */,
				36255CBB2432259200F27204 /* LaunchScreen.storyboard */,
				36255CBE2432259200F27204 /* Info.plist */,
				36255CB62432259000F27204 /* Project5.xcdatamodeld */,
			);
			path = Project5;
			sourceTree = "<group>";
		};
		36255CC62432259200F27204 /* Project5Tests */ = {
			isa = PBXGroup;
			children = (
				36255CC72432259200F27204 /* Project5Tests.swift */,
				36255CC92432259200F27204 /* Info.plist */,
			);
			path = Project5Tests;
			sourceTree = "<group>";
		};
		36255CD12432259200F27204 /* Project5UITests */ = {
			isa = PBXGroup;
			children = (
				36255CD22432259200F27204 /* Project5UITests.swift */,
				36255CD42432259200F27204 /* Info.plist */,
			);
			path = Project5UITests;
			sourceTree = "<group>";
		};
/* End PBXGroup section */

/* Begin PBXNativeTarget section */
		36255CA92432259000F27204 /* Project5 */ = {
			isa = PBXNativeTarget;
			buildConfigurationList = 36255CD72432259200F27204 /* Build configuration list for PBXNativeTarget "Project5" */;
			buildPhases = (
				36255CA62432259000F27204 /* Sources */,
				36255CA72432259000F27204 /* Frameworks */,
				36255CA82432259000F27204 /* Resources */,
			);
			buildRules = (
			);
			dependencies = (
			);
			name = Project5;
			productName = Project5;
			productReference = 36255CAA2432259000F27204 /* Project5.app */;
			productType = "com.apple.product-type.application";
		};
		36255CC22432259200F27204 /* Project5Tests */ = {
			isa = PBXNativeTarget;
			buildConfigurationList = 36255CDA2432259200F27204 /* Build configuration list for PBXNativeTarget "Project5Tests" */;
			buildPhases = (
				36255CBF2432259200F27204 /* Sources */,
				36255CC02432259200F27204 /* Frameworks */,
				36255CC12432259200F27204 /* Resources */,
			);
			buildRules = (
			);
			dependencies = (
				36255CC52432259200F27204 /* PBXTargetDependency */,
			);
			name = Project5Tests;
			productName = Project5Tests;
			productReference = 36255CC32432259200F27204 /* Project5Tests.xctest */;
			productType = "com.apple.product-type.bundle.unit-test";
		};
		36255CCD2432259200F27204 /* Project5UITests */ = {
			isa = PBXNativeTarget;
			buildConfigurationList = 36255CDD2432259200F27204 /* Build configuration list for PBXNativeTarget "Project5UITests" */;
			buildPhases = (
				36255CCA2432259200F27204 /* Sources */,
				36255CCB2432259200F27204 /* Frameworks */,
				36255CCC2432259200F27204 /* Resources */,
			);
			buildRules = (
			);
			dependencies = (
				36255CD02432259200F27204 /* PBXTargetDependency */,
			);
			name = Project5UITests;
			productName = Project5UITests;
			productReference = 36255CCE2432259200F27204 /* Project5UITests.xctest */;
			productType = "com.apple.product-type.bundle.ui-testing";
		};
/* End PBXNativeTarget section */

/* Begin PBXProject section */
		36255CA22432259000F27204 /* Project object */ = {
			isa = PBXProject;
			attributes = {
				LastSwiftUpdateCheck = 1140;
				LastUpgradeCheck = 1140;
				ORGANIZATIONNAME = "Tal Spektor";
				TargetAttributes = {
					36255CA92432259000F27204 = {
						CreatedOnToolsVersion = 11.4;
					};
					36255CC22432259200F27204 = {
						CreatedOnToolsVersion = 11.4;
						TestTargetID = 36255CA92432259000F27204;
					};
					36255CCD2432259200F27204 = {
						CreatedOnToolsVersion = 11.4;
						TestTargetID = 36255CA92432259000F27204;
					};
				};
			};
			buildConfigurationList = 36255CA52432259000F27204 /* Build configuration list for PBXProject "Project5" */;
			compatibilityVersion = "Xcode 9.3";
			developmentRegion = en;
			hasScannedForEncodings = 0;
			knownRegions = (
				en,
				Base,
			);
			mainGroup = 36255CA12432259000F27204;
			productRefGroup = 36255CAB2432259000F27204 /* Products */;
			projectDirPath = "";
			projectRoot = "";
			targets = (
				36255CA92432259000F27204 /* Project5 */,
				36255CC22432259200F27204 /* Project5Tests */,
				36255CCD2432259200F27204 /* Project5UITests */,
			);
		};
/* End PBXProject section */

/* Begin PBXResourcesBuildPhase section */
		36255CA82432259000F27204 /* Resources */ = {
			isa = PBXResourcesBuildPhase;
			buildActionMask = 2147483647;
			files = (
				36255CBD2432259200F27204 /* LaunchScreen.storyboard in Resources */,
				36255CBA2432259200F27204 /* Assets.xcassets in Resources */,
				36255CB52432259000F27204 /* Main.storyboard in Resources */,
			);
			runOnlyForDeploymentPostprocessing = 0;
		};
		36255CC12432259200F27204 /* Resources */ = {
			isa = PBXResourcesBuildPhase;
			buildActionMask = 2147483647;
			files = (
			);
			runOnlyForDeploymentPostprocessing = 0;
		};
		36255CCC2432259200F27204 /* Resources */ = {
			isa = PBXResourcesBuildPhase;
			buildActionMask = 2147483647;
			files = (
			);
			runOnlyForDeploymentPostprocessing = 0;
		};
/* End PBXResourcesBuildPhase section */

/* Begin PBXSourcesBuildPhase section */
		36255CA62432259000F27204 /* Sources */ = {
			isa = PBXSourcesBuildPhase;
			buildActionMask = 2147483647;
			files = (
				36255CB22432259000F27204 /* ViewController.swift in Sources */,
				36255CB82432259000F27204 /* Project5.xcdatamodeld in Sources */,
				36255CAE2432259000F27204 /* AppDelegate.swift in Sources */,
				36255CB02432259000F27204 /* SceneDelegate.swift in Sources */,
			);
			runOnlyForDeploymentPostprocessing = 0;
		};
		36255CBF2432259200F27204 /* Sources */ = {
			isa = PBXSourcesBuildPhase;
			buildActionMask = 2147483647;
			files = (
				36255CC82432259200F27204 /* Project5Tests.swift in Sources */,
			);
			runOnlyForDeploymentPostprocessing = 0;
		};
		36255CCA2432259200F27204 /* Sources */ = {
			isa = PBXSourcesBuildPhase;
			buildActionMask = 2147483647;
			files = (
				36255CD32432259200F27204 /* Project5UITests.swift in Sources */,
			);
			runOnlyForDeploymentPostprocessing = 0;
		};
/* End PBXSourcesBuildPhase section */

/* Begin PBXTargetDependency section */
		36255CC52432259200F27204 /* PBXTargetDependency */ = {
			isa = PBXTargetDependency;
			target = 36255CA92432259000F27204 /* Project5 */;
			targetProxy = 36255CC42432259200F27204 /* PBXContainerItemProxy */;
		};
		36255CD02432259200F27204 /* PBXTargetDependency */ = {
			isa = PBXTargetDependency;
			target = 36255CA92432259000F27204 /* Project5 */;
			targetProxy = 36255CCF2432259200F27204 /* PBXContainerItemProxy */;
		};
/* End PBXTargetDependency section */

/* Begin PBXVariantGroup section */
		36255CB32432259000F27204 /* Main.storyboard */ = {
			isa = PBXVariantGroup;
			children = (
				36255CB42432259000F27204 /* Base */,
			);
			name = Main.storyboard;
			sourceTree = "<group>";
		};
		36255CBB2432259200F27204 /* LaunchScreen.storyboard */ = {
			isa = PBXVariantGroup;
			children = (
				36255CBC2432259200F27204 /* Base */,
			);
			name = LaunchScreen.storyboard;
			sourceTree = "<group>";
		};
/* End PBXVariantGroup section */

/* Begin XCBuildConfiguration section */
		36255CD52432259200F27204 /* Debug */ = {
			isa = XCBuildConfiguration;
			buildSettings = {
				ALWAYS_SEARCH_USER_PATHS = NO;
				CLANG_ANALYZER_NONNULL = YES;
				CLANG_ANALYZER_NUMBER_OBJECT_CONVERSION = YES_AGGRESSIVE;
				CLANG_CXX_LANGUAGE_STANDARD = "gnu++14";
				CLANG_CXX_LIBRARY = "libc++";
				CLANG_ENABLE_MODULES = YES;
				CLANG_ENABLE_OBJC_ARC = YES;
				CLANG_ENABLE_OBJC_WEAK = YES;
				CLANG_WARN_BLOCK_CAPTURE_AUTORELEASING = YES;
				CLANG_WARN_BOOL_CONVERSION = YES;
				CLANG_WARN_COMMA = YES;
				CLANG_WARN_CONSTANT_CONVERSION = YES;
				CLANG_WARN_DEPRECATED_OBJC_IMPLEMENTATIONS = YES;
				CLANG_WARN_DIRECT_OBJC_ISA_USAGE = YES_ERROR;
				CLANG_WARN_DOCUMENTATION_COMMENTS = YES;
				CLANG_WARN_EMPTY_BODY = YES;
				CLANG_WARN_ENUM_CONVERSION = YES;
				CLANG_WARN_INFINITE_RECURSION = YES;
				CLANG_WARN_INT_CONVERSION = YES;
				CLANG_WARN_NON_LITERAL_NULL_CONVERSION = YES;
				CLANG_WARN_OBJC_IMPLICIT_RETAIN_SELF = YES;
				CLANG_WARN_OBJC_LITERAL_CONVERSION = YES;
				CLANG_WARN_OBJC_ROOT_CLASS = YES_ERROR;
				CLANG_WARN_RANGE_LOOP_ANALYSIS = YES;
				CLANG_WARN_STRICT_PROTOTYPES = YES;
				CLANG_WARN_SUSPICIOUS_MOVE = YES;
				CLANG_WARN_UNGUARDED_AVAILABILITY = YES_AGGRESSIVE;
				CLANG_WARN_UNREACHABLE_CODE = YES;
				CLANG_WARN__DUPLICATE_METHOD_MATCH = YES;
				COPY_PHASE_STRIP = NO;
				DEBUG_INFORMATION_FORMAT = dwarf;
				ENABLE_STRICT_OBJC_MSGSEND = YES;
				ENABLE_TESTABILITY = YES;
				GCC_C_LANGUAGE_STANDARD = gnu11;
				GCC_DYNAMIC_NO_PIC = NO;
				GCC_NO_COMMON_BLOCKS = YES;
				GCC_OPTIMIZATION_LEVEL = 0;
				GCC_PREPROCESSOR_DEFINITIONS = (
					"DEBUG=1",
					"$(inherited)",
				);
				GCC_WARN_64_TO_32_BIT_CONVERSION = YES;
				GCC_WARN_ABOUT_RETURN_TYPE = YES_ERROR;
				GCC_WARN_UNDECLARED_SELECTOR = YES;
				GCC_WARN_UNINITIALIZED_AUTOS = YES_AGGRESSIVE;
				GCC_WARN_UNUSED_FUNCTION = YES;
				GCC_WARN_UNUSED_VARIABLE = YES;
				IPHONEOS_DEPLOYMENT_TARGET = 13.4;
				MTL_ENABLE_DEBUG_INFO = INCLUDE_SOURCE;
				MTL_FAST_MATH = YES;
				ONLY_ACTIVE_ARCH = YES;
				SDKROOT = iphoneos;
				SWIFT_ACTIVE_COMPILATION_CONDITIONS = DEBUG;
				SWIFT_OPTIMIZATION_LEVEL = "-Onone";
			};
			name = Debug;
		};
		36255CD62432259200F27204 /* Release */ = {
			isa = XCBuildConfiguration;
			buildSettings = {
				ALWAYS_SEARCH_USER_PATHS = NO;
				CLANG_ANALYZER_NONNULL = YES;
				CLANG_ANALYZER_NUMBER_OBJECT_CONVERSION = YES_AGGRESSIVE;
				CLANG_CXX_LANGUAGE_STANDARD = "gnu++14";
				CLANG_CXX_LIBRARY = "libc++";
				CLANG_ENABLE_MODULES = YES;
				CLANG_ENABLE_OBJC_ARC = YES;
				CLANG_ENABLE_OBJC_WEAK = YES;
				CLANG_WARN_BLOCK_CAPTURE_AUTORELEASING = YES;
				CLANG_WARN_BOOL_CONVERSION = YES;
				CLANG_WARN_COMMA = YES;
				CLANG_WARN_CONSTANT_CONVERSION = YES;
				CLANG_WARN_DEPRECATED_OBJC_IMPLEMENTATIONS = YES;
				CLANG_WARN_DIRECT_OBJC_ISA_USAGE = YES_ERROR;
				CLANG_WARN_DOCUMENTATION_COMMENTS = YES;
				CLANG_WARN_EMPTY_BODY = YES;
				CLANG_WARN_ENUM_CONVERSION = YES;
				CLANG_WARN_INFINITE_RECURSION = YES;
				CLANG_WARN_INT_CONVERSION = YES;
				CLANG_WARN_NON_LITERAL_NULL_CONVERSION = YES;
				CLANG_WARN_OBJC_IMPLICIT_RETAIN_SELF = YES;
				CLANG_WARN_OBJC_LITERAL_CONVERSION = YES;
				CLANG_WARN_OBJC_ROOT_CLASS = YES_ERROR;
				CLANG_WARN_RANGE_LOOP_ANALYSIS = YES;
				CLANG_WARN_STRICT_PROTOTYPES = YES;
				CLANG_WARN_SUSPICIOUS_MOVE = YES;
				CLANG_WARN_UNGUARDED_AVAILABILITY = YES_AGGRESSIVE;
				CLANG_WARN_UNREACHABLE_CODE = YES;
				CLANG_WARN__DUPLICATE_METHOD_MATCH = YES;
				COPY_PHASE_STRIP = NO;
				DEBUG_INFORMATION_FORMAT = "dwarf-with-dsym";
				ENABLE_NS_ASSERTIONS = NO;
				ENABLE_STRICT_OBJC_MSGSEND = YES;
				GCC_C_LANGUAGE_STANDARD = gnu11;
				GCC_NO_COMMON_BLOCKS = YES;
				GCC_WARN_64_TO_32_BIT_CONVERSION = YES;
				GCC_WARN_ABOUT_RETURN_TYPE = YES_ERROR;
				GCC_WARN_UNDECLARED_SELECTOR = YES;
				GCC_WARN_UNINITIALIZED_AUTOS = YES_AGGRESSIVE;
				GCC_WARN_UNUSED_FUNCTION = YES;
				GCC_WARN_UNUSED_VARIABLE = YES;
				IPHONEOS_DEPLOYMENT_TARGET = 13.4;
				MTL_ENABLE_DEBUG_INFO = NO;
				MTL_FAST_MATH = YES;
				SDKROOT = iphoneos;
				SWIFT_COMPILATION_MODE = wholemodule;
				SWIFT_OPTIMIZATION_LEVEL = "-O";
				VALIDATE_PRODUCT = YES;
			};
			name = Release;
		};
		36255CD82432259200F27204 /* Debug */ = {
			isa = XCBuildConfiguration;
			buildSettings = {
				ASSETCATALOG_COMPILER_APPICON_NAME = AppIcon;
				CODE_SIGN_STYLE = Automatic;
				DEVELOPMENT_TEAM = M3C8BZ4H8Y;
				INFOPLIST_FILE = Project5/Info.plist;
				LD_RUNPATH_SEARCH_PATHS = (
					"$(inherited)",
					"@executable_path/Frameworks",
				);
				PRODUCT_BUNDLE_IDENTIFIER = com.talspektor.Project5;
				PRODUCT_NAME = "$(TARGET_NAME)";
				SWIFT_VERSION = 5.0;
				TARGETED_DEVICE_FAMILY = "1,2";
			};
			name = Debug;
		};
		36255CD92432259200F27204 /* Release */ = {
			isa = XCBuildConfiguration;
			buildSettings = {
				ASSETCATALOG_COMPILER_APPICON_NAME = AppIcon;
				CODE_SIGN_STYLE = Automatic;
				DEVELOPMENT_TEAM = M3C8BZ4H8Y;
				INFOPLIST_FILE = Project5/Info.plist;
				LD_RUNPATH_SEARCH_PATHS = (
					"$(inherited)",
					"@executable_path/Frameworks",
				);
				PRODUCT_BUNDLE_IDENTIFIER = com.talspektor.Project5;
				PRODUCT_NAME = "$(TARGET_NAME)";
				SWIFT_VERSION = 5.0;
				TARGETED_DEVICE_FAMILY = "1,2";
			};
			name = Release;
		};
		36255CDB2432259200F27204 /* Debug */ = {
			isa = XCBuildConfiguration;
			buildSettings = {
				ALWAYS_EMBED_SWIFT_STANDARD_LIBRARIES = YES;
				BUNDLE_LOADER = "$(TEST_HOST)";
				CODE_SIGN_STYLE = Automatic;
				DEVELOPMENT_TEAM = M3C8BZ4H8Y;
				INFOPLIST_FILE = Project5Tests/Info.plist;
				IPHONEOS_DEPLOYMENT_TARGET = 13.4;
				LD_RUNPATH_SEARCH_PATHS = (
					"$(inherited)",
					"@executable_path/Frameworks",
					"@loader_path/Frameworks",
				);
				PRODUCT_BUNDLE_IDENTIFIER = com.talspektor.Project5Tests;
				PRODUCT_NAME = "$(TARGET_NAME)";
				SWIFT_VERSION = 5.0;
				TARGETED_DEVICE_FAMILY = "1,2";
				TEST_HOST = "$(BUILT_PRODUCTS_DIR)/Project5.app/Project5";
			};
			name = Debug;
		};
		36255CDC2432259200F27204 /* Release */ = {
			isa = XCBuildConfiguration;
			buildSettings = {
				ALWAYS_EMBED_SWIFT_STANDARD_LIBRARIES = YES;
				BUNDLE_LOADER = "$(TEST_HOST)";
				CODE_SIGN_STYLE = Automatic;
				DEVELOPMENT_TEAM = M3C8BZ4H8Y;
				INFOPLIST_FILE = Project5Tests/Info.plist;
				IPHONEOS_DEPLOYMENT_TARGET = 13.4;
				LD_RUNPATH_SEARCH_PATHS = (
					"$(inherited)",
					"@executable_path/Frameworks",
					"@loader_path/Frameworks",
				);
				PRODUCT_BUNDLE_IDENTIFIER = com.talspektor.Project5Tests;
				PRODUCT_NAME = "$(TARGET_NAME)";
				SWIFT_VERSION = 5.0;
				TARGETED_DEVICE_FAMILY = "1,2";
				TEST_HOST = "$(BUILT_PRODUCTS_DIR)/Project5.app/Project5";
			};
			name = Release;
		};
		36255CDE2432259200F27204 /* Debug */ = {
			isa = XCBuildConfiguration;
			buildSettings = {
				ALWAYS_EMBED_SWIFT_STANDARD_LIBRARIES = YES;
				CODE_SIGN_STYLE = Automatic;
				DEVELOPMENT_TEAM = M3C8BZ4H8Y;
				INFOPLIST_FILE = Project5UITests/Info.plist;
				LD_RUNPATH_SEARCH_PATHS = (
					"$(inherited)",
					"@executable_path/Frameworks",
					"@loader_path/Frameworks",
				);
				PRODUCT_BUNDLE_IDENTIFIER = com.talspektor.Project5UITests;
				PRODUCT_NAME = "$(TARGET_NAME)";
				SWIFT_VERSION = 5.0;
				TARGETED_DEVICE_FAMILY = "1,2";
				TEST_TARGET_NAME = Project5;
			};
			name = Debug;
		};
		36255CDF2432259200F27204 /* Release */ = {
			isa = XCBuildConfiguration;
			buildSettings = {
				ALWAYS_EMBED_SWIFT_STANDARD_LIBRARIES = YES;
				CODE_SIGN_STYLE = Automatic;
				DEVELOPMENT_TEAM = M3C8BZ4H8Y;
				INFOPLIST_FILE = Project5UITests/Info.plist;
				LD_RUNPATH_SEARCH_PATHS = (
					"$(inherited)",
					"@executable_path/Frameworks",
					"@loader_path/Frameworks",
				);
				PRODUCT_BUNDLE_IDENTIFIER = com.talspektor.Project5UITests;
				PRODUCT_NAME = "$(TARGET_NAME)";
				SWIFT_VERSION = 5.0;
				TARGETED_DEVICE_FAMILY = "1,2";
				TEST_TARGET_NAME = Project5;
			};
			name = Release;
		};
/* End XCBuildConfiguration section */

/* Begin XCConfigurationList section */
		36255CA52432259000F27204 /* Build configuration list for PBXProject "Project5" */ = {
			isa = XCConfigurationList;
			buildConfigurations = (
				36255CD52432259200F27204 /* Debug */,
				36255CD62432259200F27204 /* Release */,
			);
			defaultConfigurationIsVisible = 0;
			defaultConfigurationName = Release;
		};
		36255CD72432259200F27204 /* Build configuration list for PBXNativeTarget "Project5" */ = {
			isa = XCConfigurationList;
			buildConfigurations = (
				36255CD82432259200F27204 /* Debug */,
				36255CD92432259200F27204 /* Release */,
			);
			defaultConfigurationIsVisible = 0;
			defaultConfigurationName = Release;
		};
		36255CDA2432259200F27204 /* Build configuration list for PBXNativeTarget "Project5Tests" */ = {
			isa = XCConfigurationList;
			buildConfigurations = (
				36255CDB2432259200F27204 /* Debug */,
				36255CDC2432259200F27204 /* Release */,
			);
			defaultConfigurationIsVisible = 0;
			defaultConfigurationName = Release;
		};
		36255CDD2432259200F27204 /* Build configuration list for PBXNativeTarget "Project5UITests" */ = {
			isa = XCConfigurationList;
			buildConfigurations = (
				36255CDE2432259200F27204 /* Debug */,
				36255CDF2432259200F27204 /* Release */,
			);
			defaultConfigurationIsVisible = 0;
			defaultConfigurationName = Release;
		};
/* End XCConfigurationList section */

/* Begin XCVersionGroup section */
		36255CB62432259000F27204 /* Project5.xcdatamodeld */ = {
			isa = XCVersionGroup;
			children = (
				36255CB72432259000F27204 /* Project5.xcdatamodel */,
			);
			currentVersion = 36255CB72432259000F27204 /* Project5.xcdatamodel */;
			path = Project5.xcdatamodeld;
			sourceTree = "<group>";
			versionGroupType = wrapper.xcdatamodel;
		};
/* End XCVersionGroup section */
	};
	rootObject = 36255CA22432259000F27204 /* Project object */;
}
